{
  "lockfileVersion": 1,
  "configVersion": 1,
  "workspaces": {
    "": {
      "name": "@jsonresume/jsonresume-to-rendercv",
      "dependencies": {
        "json-to-pretty-yaml": "^1.2.2",
      },
    },
  },
  "packages": {
    "json-to-pretty-yaml": ["json-to-pretty-yaml@1.2.2", "", { "dependencies": { "remedial": "^1.0.7", "remove-trailing-spaces": "^1.0.6" } }, "sha512-rvm6hunfCcqegwYaG5T4yKJWxc9FXFgBVrcTZ4XfSVRwa5HA/Xs+vB/Eo9treYYHCeNM0nrSUr82V/M31Urc7A=="],

    "remedial": ["remedial@1.0.8", "", {}, "sha512-/62tYiOe6DzS5BqVsNpH/nkGlX45C/Sp6V+NtiN6JQNS1Viay7cWkazmRkrQrdFj2eshDe96SIQNIoMxqhzBOg=="],

    "remove-trailing-spaces": ["remove-trailing-spaces@1.0.9", "", {}, "sha512-xzG7w5IRijvIkHIjDk65URsJJ7k4J95wmcArY5PRcmjldIOl7oTvG8+X2Ag690R7SfwiOcHrWZKVc1Pp5WIOzA=="],
  }
}
